
Microsoft Visual Studio Solution File, Format Version 12.00
# Visual Studio 15
VisualStudioVersion = 15.0.27703.2042
MinimumVisualStudioVersion = 10.0.40219.1
Project("{FAE04EC0-301F-11D3-BF4B-00C04F79EFBC}") = "QLSTK_MoneyLover", "QLSTK_MoneyLover\QLSTK_MoneyLover.csproj", "{F1F1EBD2-F240-40E2-B445-678BC31927EC}"
EndProject
Project("{FAE04EC0-301F-11D3-BF4B-00C04F79EFBC}") = "QLSTK_MoneyLover.Tests", "QLSTK_MoneyLover.Tests\QLSTK_MoneyLover.Tests.csproj", "{2B21FC1B-B77D-42DC-AC71-1213B0A35F73}"
EndProject
Global
	GlobalSection(SolutionConfigurationPlatforms) = preSolution
		Debug|Any CPU = Debug|Any CPU
		Release|Any CPU = Release|Any CPU
	EndGlobalSection
	GlobalSection(ProjectConfigurationPlatforms) = postSolution
		{F1F1EBD2-F240-40E2-B445-678BC31927EC}.Debug|Any CPU.ActiveCfg = Debug|Any CPU
		{F1F1EBD2-F240-40E2-B445-678BC31927EC}.Debug|Any CPU.Build.0 = Debug|Any CPU
		{F1F1EBD2-F240-40E2-B445-678BC31927EC}.Release|Any CPU.ActiveCfg = Release|Any CPU
		{F1F1EBD2-F240-40E2-B445-678BC31927EC}.Release|Any CPU.Build.0 = Release|Any CPU
		{2B21FC1B-B77D-42DC-AC71-1213B0A35F73}.Debug|Any CPU.ActiveCfg = Debug|Any CPU
		{2B21FC1B-B77D-42DC-AC71-1213B0A35F73}.Debug|Any CPU.Build.0 = Debug|Any CPU
		{2B21FC1B-B77D-42DC-AC71-1213B0A35F73}.Release|Any CPU.ActiveCfg = Release|Any CPU
		{2B21FC1B-B77D-42DC-AC71-1213B0A35F73}.Release|Any CPU.Build.0 = Release|Any CPU
	EndGlobalSection
	GlobalSection(SolutionProperties) = preSolution
		HideSolutionNode = FALSE
	EndGlobalSection
	GlobalSection(ExtensibilityGlobals) = postSolution
		SolutionGuid = {A5EF57B1-0D13-4D76-B965-CB6BC0367E15}
	EndGlobalSection
EndGlobal
